
Microsoft Visual Studio Solution File, Format Version 12.00
# Visual Studio Version 17
VisualStudioVersion = 17.4.33213.308
MinimumVisualStudioVersion = 10.0.40219.1
Project("{2150E333-8FDC-42A3-9474-1A3956D46DE8}") = "Api", "Api", "{C3D2FDE4-FB78-4E80-A684-615AC341F782}"
EndProject
Project("{FAE04EC0-301F-11D3-BF4B-00C04F79EFBC}") = "Competition.API", "Competition.API\Competition.API.csproj", "{6312C94B-9339-4C7C-96ED-0CCAE1E09B29}"
EndProject
Project("{2150E333-8FDC-42A3-9474-1A3956D46DE8}") = "Competition.Core", "Competition.Core", "{83AE1A44-F065-4597-A039-778F85EC9795}"
EndProject
Project("{FAE04EC0-301F-11D3-BF4B-00C04F79EFBC}") = "Competition.Core", "Competition.Core\Competition.Core.csproj", "{DE041BB4-BC9E-4D2C-AA92-47D3C8D5AF7F}"
EndProject
Project("{2150E333-8FDC-42A3-9474-1A3956D46DE8}") = "Competition.Data", "Competition.Data", "{4E122C87-8151-469E-93E1-0CC22362EAB9}"
EndProject
Project("{FAE04EC0-301F-11D3-BF4B-00C04F79EFBC}") = "Competition.Data", "Competition.Data\Competition.Data.csproj", "{C32F071A-CF0A-43A0-9340-7F1977F367C1}"
EndProject
Project("{2150E333-8FDC-42A3-9474-1A3956D46DE8}") = "Competition.Service", "Competition.Service", "{8C7D3DB4-5481-4F5B-BC77-6655DC5828E6}"
EndProject
Project("{FAE04EC0-301F-11D3-BF4B-00C04F79EFBC}") = "Competition.Service", "Competition.Service\Competition.Service.csproj", "{8B26339D-44D0-43CD-91D8-0DDFF4627C9F}"
EndProject
Global
	GlobalSection(SolutionConfigurationPlatforms) = preSolution
		Debug|Any CPU = Debug|Any CPU
		Release|Any CPU = Release|Any CPU
	EndGlobalSection
	GlobalSection(ProjectConfigurationPlatforms) = postSolution
		{6312C94B-9339-4C7C-96ED-0CCAE1E09B29}.Debug|Any CPU.ActiveCfg = Debug|Any CPU
		{6312C94B-9339-4C7C-96ED-0CCAE1E09B29}.Debug|Any CPU.Build.0 = Debug|Any CPU
		{6312C94B-9339-4C7C-96ED-0CCAE1E09B29}.Release|Any CPU.ActiveCfg = Release|Any CPU
		{6312C94B-9339-4C7C-96ED-0CCAE1E09B29}.Release|Any CPU.Build.0 = Release|Any CPU
		{DE041BB4-BC9E-4D2C-AA92-47D3C8D5AF7F}.Debug|Any CPU.ActiveCfg = Debug|Any CPU
		{DE041BB4-BC9E-4D2C-AA92-47D3C8D5AF7F}.Debug|Any CPU.Build.0 = Debug|Any CPU
		{DE041BB4-BC9E-4D2C-AA92-47D3C8D5AF7F}.Release|Any CPU.ActiveCfg = Release|Any CPU
		{DE041BB4-BC9E-4D2C-AA92-47D3C8D5AF7F}.Release|Any CPU.Build.0 = Release|Any CPU
		{C32F071A-CF0A-43A0-9340-7F1977F367C1}.Debug|Any CPU.ActiveCfg = Debug|Any CPU
		{C32F071A-CF0A-43A0-9340-7F1977F367C1}.Debug|Any CPU.Build.0 = Debug|Any CPU
		{C32F071A-CF0A-43A0-9340-7F1977F367C1}.Release|Any CPU.ActiveCfg = Release|Any CPU
		{C32F071A-CF0A-43A0-9340-7F1977F367C1}.Release|Any CPU.Build.0 = Release|Any CPU
		{8B26339D-44D0-43CD-91D8-0DDFF4627C9F}.Debug|Any CPU.ActiveCfg = Debug|Any CPU
		{8B26339D-44D0-43CD-91D8-0DDFF4627C9F}.Debug|Any CPU.Build.0 = Debug|Any CPU
		{8B26339D-44D0-43CD-91D8-0DDFF4627C9F}.Release|Any CPU.ActiveCfg = Release|Any CPU
		{8B26339D-44D0-43CD-91D8-0DDFF4627C9F}.Release|Any CPU.Build.0 = Release|Any CPU
	EndGlobalSection
	GlobalSection(SolutionProperties) = preSolution
		HideSolutionNode = FALSE
	EndGlobalSection
	GlobalSection(NestedProjects) = preSolution
		{6312C94B-9339-4C7C-96ED-0CCAE1E09B29} = {C3D2FDE4-FB78-4E80-A684-615AC341F782}
		{DE041BB4-BC9E-4D2C-AA92-47D3C8D5AF7F} = {83AE1A44-F065-4597-A039-778F85EC9795}
		{C32F071A-CF0A-43A0-9340-7F1977F367C1} = {4E122C87-8151-469E-93E1-0CC22362EAB9}
		{8B26339D-44D0-43CD-91D8-0DDFF4627C9F} = {8C7D3DB4-5481-4F5B-BC77-6655DC5828E6}
	EndGlobalSection
	GlobalSection(ExtensibilityGlobals) = postSolution
		SolutionGuid = {7F25D10D-700C-48E4-B612-12352EE90707}
	EndGlobalSection
EndGlobal
